
Microsoft Visual Studio Solution File, Format Version 12.00
# Visual Studio Version 16
VisualStudioVersion = 16.0.31321.278
MinimumVisualStudioVersion = 10.0.40219.1
Project("{F184B08F-C81C-45F6-A57F-5ABD9991F28F}") = "demoapp1", "demoapp1\demoapp1.vbproj", "{97D40DB3-DD7B-4880-A996-7C6E6DF8FA1D}"
EndProject
Global
	GlobalSection(SolutionConfigurationPlatforms) = preSolution
		Debug|Any CPU = Debug|Any CPU
		Release|Any CPU = Release|Any CPU
	EndGlobalSection
	GlobalSection(ProjectConfigurationPlatforms) = postSolution
		{97D40DB3-DD7B-4880-A996-7C6E6DF8FA1D}.Debug|Any CPU.ActiveCfg = Debug|Any CPU
		{97D40DB3-DD7B-4880-A996-7C6E6DF8FA1D}.Debug|Any CPU.Build.0 = Debug|Any CPU
		{97D40DB3-DD7B-4880-A996-7C6E6DF8FA1D}.Release|Any CPU.ActiveCfg = Release|Any CPU
		{97D40DB3-DD7B-4880-A996-7C6E6DF8FA1D}.Release|Any CPU.Build.0 = Release|Any CPU
	EndGlobalSection
	GlobalSection(SolutionProperties) = preSolution
		HideSolutionNode = FALSE
	EndGlobalSection
	GlobalSection(ExtensibilityGlobals) = postSolution
		SolutionGuid = {5745BFAD-8BF1-4776-9445-2A1815E61BD3}
	EndGlobalSection
EndGlobal
